
Microsoft Visual Studio Solution File, Format Version 12.00
# Visual Studio Version 16
VisualStudioVersion = 16.0.30104.148
MinimumVisualStudioVersion = 10.0.40219.1
Project("{FAE04EC0-301F-11D3-BF4B-00C04F79EFBC}") = "GabinetKosmetyczny", "GabinetKosmetyczny\GabinetKosmetyczny.csproj", "{DF387C65-A615-4868-B0C4-5D738F742BDA}"
EndProject
Global
	GlobalSection(SolutionConfigurationPlatforms) = preSolution
		Debug|Any CPU = Debug|Any CPU
		Release|Any CPU = Release|Any CPU
	EndGlobalSection
	GlobalSection(ProjectConfigurationPlatforms) = postSolution
		{DF387C65-A615-4868-B0C4-5D738F742BDA}.Debug|Any CPU.ActiveCfg = Debug|Any CPU
		{DF387C65-A615-4868-B0C4-5D738F742BDA}.Debug|Any CPU.Build.0 = Debug|Any CPU
		{DF387C65-A615-4868-B0C4-5D738F742BDA}.Release|Any CPU.ActiveCfg = Release|Any CPU
		{DF387C65-A615-4868-B0C4-5D738F742BDA}.Release|Any CPU.Build.0 = Release|Any CPU
	EndGlobalSection
	GlobalSection(SolutionProperties) = preSolution
		HideSolutionNode = FALSE
	EndGlobalSection
	GlobalSection(ExtensibilityGlobals) = postSolution
		SolutionGuid = {916C690F-B864-4CF7-B969-347FFB405F1C}
	EndGlobalSection
EndGlobal
